Liquids|Oil:
  - 0.0
  - 0.0
  - 0.0
  - 0.0
  - 0.0
  - 0.0
  - 0.0
  - 0.0
  - 0.0
  - 0.0
  - 0.0
  - 0.0
  - 0.0
  - 0.0
  - 0.0
  - 0.0
  - 0.0
  - 0.0
  - 0.0
  - 0.0
  - 0.0
  - 0.0
  - 0.0
  - 0.0
  - 0.0
  - 0.0
  - 0.0
  - 0.0
  - 0.0
  - 0.0
  - 0.0
  - 0.0
  - 0.0
  - 0.0
  - 0.0
  - 0.0
  - 0.0
  - 0.0
  - 0.0
  - 0.0
  - 0.0
  - 0.0
  - 0.0
  - 0.0
  - 0.0
  - 0.0
  - 0.0
  - 0.0
  - 0.0
  - 0.0
  - 0.0
  - 0.0
  - 0.0
  - 0.0
  - 0.0
  - 0.0
  - 0.0
  - 0.0
  - 0.0
  - 0.0
  - 0.0
  - 0.0
  - 0.0
  - 0.0
  - 0.0
  - 0.0
  - 0.0
  - 0.0
  - 0.0
  - 0.0
  - 0.0
  - 0.0
  - 0.0
  - 0.0
  - 0.0
  - 0.0
  - 0.0
  - 0.0
  - 0.0
  - 0.0
  - 0.0
  - 0.0
  - 0.0
  - 0.0
  - 0.0
  - 0.0
  - 0.0
  - 0.0
  - 0.0
  - 0.0
  - 0.0
  - 0.0
  - 0.0
  - 0.0
  - 0.0
  - 0.0
  - 0.0
  - 0.0
  - 0.0
  - 0.0
  - 0.0
  - 0.0
  - 0.0
  - 0.0
  - 0.0
  - 0.0
  - 0.0
  - 0.0
  - 0.0
  - 0.0
  - 0.0
  - 0.0
  - 0.0
  - 0.0
  - 0.0
  - 0.0
  - 0.0
  - 0.0
  - 0.0
  - 0.0
  - 0.0
  - 0.0
  - 0.0
  - 0.0
  - 0.0
  - 0.0
  - 0.0
  - 0.0
  - 0.0
  - 0.0
  - 0.0
  - 0.0
  - 0.0
  - 0.0
  - 0.0
  - 0.0
  - 0.0
  - 0.0
  - 0.0
  - 0.0
  - 0.0
  - 0.0
  - 0.0
  - 0.0
  - 0.0
  - 0.0
  - 0.0
  - 0.0
  - 0.0
  - 0.0
  - 0.0
  - 0.0
  - 0.0
  - 0.0
  - 0.0
  - 0.0
  - 0.0
  - 0.0
  - 0.0
  - 0.0
  - 0.0
  - 0.0
  - 0.0
  - 0.0
  - 0.0
  - 0.0
  - 0.0
  - 0.0
Heat|Solar:
  - 0.006139853042048224
  - 0.002455941216819289
  - 0.002455941216819289
  - 0.002455941216819289
  - 0.002455941216819289
  - 0.002455941216819289
  - 0.024559412168192896
  - 0.012279706084096448
  - 0.006139853042048224
  - 0.006139853042048224
  - 0.006139853042048224
  - 0.006139853042048224
  - 0.006139853042048224
  - 0.006139853042048224
  - 0.006139853042048224
  - 0.012279706084096448
  - 0.012279706084096448
  - 0.012279706084096448
  - 0.012279706084096448
  - 0.012279706084096448
  - 0.012279706084096448
  - 0.012279706084096448
  - 0.012279706084096448
  - 0.024559412168192896
  - 0.006139853042048224
  - 0.002455941216819289
  - 0.002455941216819289
  - 0.002455941216819289
  - 0.002455941216819289
  - 0.002455941216819289
  - 0.024559412168192896
  - 0.012279706084096448
  - 0.006139853042048224
  - 0.006139853042048224
  - 0.006139853042048224
  - 0.006139853042048224
  - 0.006139853042048224
  - 0.006139853042048224
  - 0.006139853042048224
  - 0.012279706084096448
  - 0.012279706084096448
  - 0.012279706084096448
  - 0.012279706084096448
  - 0.012279706084096448
  - 0.012279706084096448
  - 0.012279706084096448
  - 0.012279706084096448
  - 0.024559412168192896
  - 0.006139853042048224
  - 0.002455941216819289
  - 0.002455941216819289
  - 0.002455941216819289
  - 0.002455941216819289
  - 0.002455941216819289
  - 0.024559412168192896
  - 0.012279706084096448
  - 0.006139853042048224
  - 0.006139853042048224
  - 0.006139853042048224
  - 0.006139853042048224
  - 0.006139853042048224
  - 0.006139853042048224
  - 0.006139853042048224
  - 0.012279706084096448
  - 0.012279706084096448
  - 0.012279706084096448
  - 0.012279706084096448
  - 0.012279706084096448
  - 0.012279706084096448
  - 0.012279706084096448
  - 0.012279706084096448
  - 0.024559412168192896
  - 0.006139853042048224
  - 0.002455941216819289
  - 0.002455941216819289
  - 0.002455941216819289
  - 0.002455941216819289
  - 0.002455941216819289
  - 0.024559412168192896
  - 0.012279706084096448
  - 0.006139853042048224
  - 0.006139853042048224
  - 0.006139853042048224
  - 0.006139853042048224
  - 0.006139853042048224
  - 0.006139853042048224
  - 0.006139853042048224
  - 0.012279706084096448
  - 0.012279706084096448
  - 0.012279706084096448
  - 0.012279706084096448
  - 0.012279706084096448
  - 0.012279706084096448
  - 0.012279706084096448
  - 0.012279706084096448
  - 0.024559412168192896
  - 0.006139853042048224
  - 0.002455941216819289
  - 0.002455941216819289
  - 0.002455941216819289
  - 0.002455941216819289
  - 0.002455941216819289
  - 0.024559412168192896
  - 0.012279706084096448
  - 0.006139853042048224
  - 0.006139853042048224
  - 0.006139853042048224
  - 0.006139853042048224
  - 0.006139853042048224
  - 0.006139853042048224
  - 0.006139853042048224
  - 0.012279706084096448
  - 0.012279706084096448
  - 0.012279706084096448
  - 0.012279706084096448
  - 0.012279706084096448
  - 0.012279706084096448
  - 0.012279706084096448
  - 0.012279706084096448
  - 0.024559412168192896
  - 0.006139853042048224
  - 0.002455941216819289
  - 0.002455941216819289
  - 0.002455941216819289
  - 0.002455941216819289
  - 0.002455941216819289
  - 0.024559412168192896
  - 0.012279706084096448
  - 0.006139853042048224
  - 0.006139853042048224
  - 0.006139853042048224
  - 0.006139853042048224
  - 0.006139853042048224
  - 0.006139853042048224
  - 0.006139853042048224
  - 0.012279706084096448
  - 0.012279706084096448
  - 0.012279706084096448
  - 0.012279706084096448
  - 0.012279706084096448
  - 0.012279706084096448
  - 0.012279706084096448
  - 0.012279706084096448
  - 0.024559412168192896
  - 0.006139853042048224
  - 0.002455941216819289
  - 0.002455941216819289
  - 0.002455941216819289
  - 0.002455941216819289
  - 0.002455941216819289
  - 0.024559412168192896
  - 0.012279706084096448
  - 0.006139853042048224
  - 0.006139853042048224
  - 0.006139853042048224
  - 0.006139853042048224
  - 0.006139853042048224
  - 0.006139853042048224
  - 0.006139853042048224
  - 0.012279706084096448
  - 0.012279706084096448
  - 0.012279706084096448
  - 0.012279706084096448
  - 0.012279706084096448
  - 0.012279706084096448
  - 0.012279706084096448
  - 0.012279706084096448
  - 0.024559412168192896
Liquids|Biomass:
  - 0.0
  - 0.0
  - 0.0
  - 0.0
  - 0.0
  - 0.0
  - 0.0
  - 0.0
  - 0.0
  - 0.0
  - 0.0
  - 0.0
  - 0.0
  - 0.0
  - 0.0
  - 0.0
  - 0.0
  - 0.0
  - 0.0
  - 0.0
  - 0.0
  - 0.0
  - 0.0
  - 0.0
  - 0.0
  - 0.0
  - 0.0
  - 0.0
  - 0.0
  - 0.0
  - 0.0
  - 0.0
  - 0.0
  - 0.0
  - 0.0
  - 0.0
  - 0.0
  - 0.0
  - 0.0
  - 0.0
  - 0.0
  - 0.0
  - 0.0
  - 0.0
  - 0.0
  - 0.0
  - 0.0
  - 0.0
  - 0.0
  - 0.0
  - 0.0
  - 0.0
  - 0.0
  - 0.0
  - 0.0
  - 0.0
  - 0.0
  - 0.0
  - 0.0
  - 0.0
  - 0.0
  - 0.0
  - 0.0
  - 0.0
  - 0.0
  - 0.0
  - 0.0
  - 0.0
  - 0.0
  - 0.0
  - 0.0
  - 0.0
  - 0.0
  - 0.0
  - 0.0
  - 0.0
  - 0.0
  - 0.0
  - 0.0
  - 0.0
  - 0.0
  - 0.0
  - 0.0
  - 0.0
  - 0.0
  - 0.0
  - 0.0
  - 0.0
  - 0.0
  - 0.0
  - 0.0
  - 0.0
  - 0.0
  - 0.0
  - 0.0
  - 0.0
  - 0.0
  - 0.0
  - 0.0
  - 0.0
  - 0.0
  - 0.0
  - 0.0
  - 0.0
  - 0.0
  - 0.0
  - 0.0
  - 0.0
  - 0.0
  - 0.0
  - 0.0
  - 0.0
  - 0.0
  - 0.0
  - 0.0
  - 0.0
  - 0.0
  - 0.0
  - 0.0
  - 0.0
  - 0.0
  - 0.0
  - 0.0
  - 0.0
  - 0.0
  - 0.0
  - 0.0
  - 0.0
  - 0.0
  - 0.0
  - 0.0
  - 0.0
  - 0.0
  - 0.0
  - 0.0
  - 0.0
  - 0.0
  - 0.0
  - 0.0
  - 0.0
  - 0.0
  - 0.0
  - 0.0
  - 0.0
  - 0.0
  - 0.0
  - 0.0
  - 0.0
  - 0.0
  - 0.0
  - 0.0
  - 0.0
  - 0.0
  - 0.0
  - 0.0
  - 0.0
  - 0.0
  - 0.0
  - 0.0
  - 0.0
  - 0.0
  - 0.0
  - 0.0
  - 0.0
  - 0.0
  - 0.0
  - 0.0
  - 0.0
Datetime:
  - 2019-01-01T00:00:00
  - 2019-01-01T01:00:00
  - 2019-01-01T02:00:00
  - 2019-01-01T03:00:00
  - 2019-01-01T04:00:00
  - 2019-01-01T05:00:00
  - 2019-01-01T06:00:00
  - 2019-01-01T07:00:00
  - 2019-01-01T08:00:00
  - 2019-01-01T09:00:00
  - 2019-01-01T10:00:00
  - 2019-01-01T11:00:00
  - 2019-01-01T12:00:00
  - 2019-01-01T13:00:00
  - 2019-01-01T14:00:00
  - 2019-01-01T15:00:00
  - 2019-01-01T16:00:00
  - 2019-01-01T17:00:00
  - 2019-01-01T18:00:00
  - 2019-01-01T19:00:00
  - 2019-01-01T20:00:00
  - 2019-01-01T21:00:00
  - 2019-01-01T22:00:00
  - 2019-01-01T23:00:00
  - 2019-01-02T00:00:00
  - 2019-01-02T01:00:00
  - 2019-01-02T02:00:00
  - 2019-01-02T03:00:00
  - 2019-01-02T04:00:00
  - 2019-01-02T05:00:00
  - 2019-01-02T06:00:00
  - 2019-01-02T07:00:00
  - 2019-01-02T08:00:00
  - 2019-01-02T09:00:00
  - 2019-01-02T10:00:00
  - 2019-01-02T11:00:00
  - 2019-01-02T12:00:00
  - 2019-01-02T13:00:00
  - 2019-01-02T14:00:00
  - 2019-01-02T15:00:00
  - 2019-01-02T16:00:00
  - 2019-01-02T17:00:00
  - 2019-01-02T18:00:00
  - 2019-01-02T19:00:00
  - 2019-01-02T20:00:00
  - 2019-01-02T21:00:00
  - 2019-01-02T22:00:00
  - 2019-01-02T23:00:00
  - 2019-01-03T00:00:00
  - 2019-01-03T01:00:00
  - 2019-01-03T02:00:00
  - 2019-01-03T03:00:00
  - 2019-01-03T04:00:00
  - 2019-01-03T05:00:00
  - 2019-01-03T06:00:00
  - 2019-01-03T07:00:00
  - 2019-01-03T08:00:00
  - 2019-01-03T09:00:00
  - 2019-01-03T10:00:00
  - 2019-01-03T11:00:00
  - 2019-01-03T12:00:00
  - 2019-01-03T13:00:00
  - 2019-01-03T14:00:00
  - 2019-01-03T15:00:00
  - 2019-01-03T16:00:00
  - 2019-01-03T17:00:00
  - 2019-01-03T18:00:00
  - 2019-01-03T19:00:00
  - 2019-01-03T20:00:00
  - 2019-01-03T21:00:00
  - 2019-01-03T22:00:00
  - 2019-01-03T23:00:00
  - 2019-01-04T00:00:00
  - 2019-01-04T01:00:00
  - 2019-01-04T02:00:00
  - 2019-01-04T03:00:00
  - 2019-01-04T04:00:00
  - 2019-01-04T05:00:00
  - 2019-01-04T06:00:00
  - 2019-01-04T07:00:00
  - 2019-01-04T08:00:00
  - 2019-01-04T09:00:00
  - 2019-01-04T10:00:00
  - 2019-01-04T11:00:00
  - 2019-01-04T12:00:00
  - 2019-01-04T13:00:00
  - 2019-01-04T14:00:00
  - 2019-01-04T15:00:00
  - 2019-01-04T16:00:00
  - 2019-01-04T17:00:00
  - 2019-01-04T18:00:00
  - 2019-01-04T19:00:00
  - 2019-01-04T20:00:00
  - 2019-01-04T21:00:00
  - 2019-01-04T22:00:00
  - 2019-01-04T23:00:00
  - 2019-01-05T00:00:00
  - 2019-01-05T01:00:00
  - 2019-01-05T02:00:00
  - 2019-01-05T03:00:00
  - 2019-01-05T04:00:00
  - 2019-01-05T05:00:00
  - 2019-01-05T06:00:00
  - 2019-01-05T07:00:00
  - 2019-01-05T08:00:00
  - 2019-01-05T09:00:00
  - 2019-01-05T10:00:00
  - 2019-01-05T11:00:00
  - 2019-01-05T12:00:00
  - 2019-01-05T13:00:00
  - 2019-01-05T14:00:00
  - 2019-01-05T15:00:00
  - 2019-01-05T16:00:00
  - 2019-01-05T17:00:00
  - 2019-01-05T18:00:00
  - 2019-01-05T19:00:00
  - 2019-01-05T20:00:00
  - 2019-01-05T21:00:00
  - 2019-01-05T22:00:00
  - 2019-01-05T23:00:00
  - 2019-01-06T00:00:00
  - 2019-01-06T01:00:00
  - 2019-01-06T02:00:00
  - 2019-01-06T03:00:00
  - 2019-01-06T04:00:00
  - 2019-01-06T05:00:00
  - 2019-01-06T06:00:00
  - 2019-01-06T07:00:00
  - 2019-01-06T08:00:00
  - 2019-01-06T09:00:00
  - 2019-01-06T10:00:00
  - 2019-01-06T11:00:00
  - 2019-01-06T12:00:00
  - 2019-01-06T13:00:00
  - 2019-01-06T14:00:00
  - 2019-01-06T15:00:00
  - 2019-01-06T16:00:00
  - 2019-01-06T17:00:00
  - 2019-01-06T18:00:00
  - 2019-01-06T19:00:00
  - 2019-01-06T20:00:00
  - 2019-01-06T21:00:00
  - 2019-01-06T22:00:00
  - 2019-01-06T23:00:00
  - 2019-01-07T00:00:00
  - 2019-01-07T01:00:00
  - 2019-01-07T02:00:00
  - 2019-01-07T03:00:00
  - 2019-01-07T04:00:00
  - 2019-01-07T05:00:00
  - 2019-01-07T06:00:00
  - 2019-01-07T07:00:00
  - 2019-01-07T08:00:00
  - 2019-01-07T09:00:00
  - 2019-01-07T10:00:00
  - 2019-01-07T11:00:00
  - 2019-01-07T12:00:00
  - 2019-01-07T13:00:00
  - 2019-01-07T14:00:00
  - 2019-01-07T15:00:00
  - 2019-01-07T16:00:00
  - 2019-01-07T17:00:00
  - 2019-01-07T18:00:00
  - 2019-01-07T19:00:00
  - 2019-01-07T20:00:00
  - 2019-01-07T21:00:00
  - 2019-01-07T22:00:00
  - 2019-01-07T23:00:00
Liquids|Gas:
  - 0.0
  - 0.0
  - 0.0
  - 0.0
  - 0.0
  - 0.0
  - 0.0
  - 0.0
  - 0.0
  - 0.0
  - 0.0
  - 0.0
  - 0.0
  - 0.0
  - 0.0
  - 0.0
  - 0.0
  - 0.0
  - 0.0
  - 0.0
  - 0.0
  - 0.0
  - 0.0
  - 0.0
  - 0.0
  - 0.0
  - 0.0
  - 0.0
  - 0.0
  - 0.0
  - 0.0
  - 0.0
  - 0.0
  - 0.0
  - 0.0
  - 0.0
  - 0.0
  - 0.0
  - 0.0
  - 0.0
  - 0.0
  - 0.0
  - 0.0
  - 0.0
  - 0.0
  - 0.0
  - 0.0
  - 0.0
  - 0.0
  - 0.0
  - 0.0
  - 0.0
  - 0.0
  - 0.0
  - 0.0
  - 0.0
  - 0.0
  - 0.0
  - 0.0
  - 0.0
  - 0.0
  - 0.0
  - 0.0
  - 0.0
  - 0.0
  - 0.0
  - 0.0
  - 0.0
  - 0.0
  - 0.0
  - 0.0
  - 0.0
  - 0.0
  - 0.0
  - 0.0
  - 0.0
  - 0.0
  - 0.0
  - 0.0
  - 0.0
  - 0.0
  - 0.0
  - 0.0
  - 0.0
  - 0.0
  - 0.0
  - 0.0
  - 0.0
  - 0.0
  - 0.0
  - 0.0
  - 0.0
  - 0.0
  - 0.0
  - 0.0
  - 0.0
  - 0.0
  - 0.0
  - 0.0
  - 0.0
  - 0.0
  - 0.0
  - 0.0
  - 0.0
  - 0.0
  - 0.0
  - 0.0
  - 0.0
  - 0.0
  - 0.0
  - 0.0
  - 0.0
  - 0.0
  - 0.0
  - 0.0
  - 0.0
  - 0.0
  - 0.0
  - 0.0
  - 0.0
  - 0.0
  - 0.0
  - 0.0
  - 0.0
  - 0.0
  - 0.0
  - 0.0
  - 0.0
  - 0.0
  - 0.0
  - 0.0
  - 0.0
  - 0.0
  - 0.0
  - 0.0
  - 0.0
  - 0.0
  - 0.0
  - 0.0
  - 0.0
  - 0.0
  - 0.0
  - 0.0
  - 0.0
  - 0.0
  - 0.0
  - 0.0
  - 0.0
  - 0.0
  - 0.0
  - 0.0
  - 0.0
  - 0.0
  - 0.0
  - 0.0
  - 0.0
  - 0.0
  - 0.0
  - 0.0
  - 0.0
  - 0.0
  - 0.0
  - 0.0
  - 0.0
  - 0.0
  - 0.0
  - 0.0
  - 0.0
Heat:
  - 0.0
  - 0.0
  - 0.0
  - 0.0
  - 0.0
  - 0.0
  - 0.0
  - 0.0
  - 0.0
  - 0.0
  - 0.0
  - 0.0
  - 0.0
  - 0.0
  - 0.0
  - 0.0
  - 0.0
  - 0.0
  - 0.0
  - 0.0
  - 0.0
  - 0.0
  - 0.0
  - 0.0
  - 0.0
  - 0.0
  - 0.0
  - 0.0
  - 0.0
  - 0.0
  - 0.0
  - 0.0
  - 0.0
  - 0.0
  - 0.0
  - 0.0
  - 0.0
  - 0.0
  - 0.0
  - 0.0
  - 0.0
  - 0.0
  - 0.0
  - 0.0
  - 0.0
  - 0.0
  - 0.0
  - 0.0
  - 0.0
  - 0.0
  - 0.0
  - 0.0
  - 0.0
  - 0.0
  - 0.0
  - 0.0
  - 0.0
  - 0.0
  - 0.0
  - 0.0
  - 0.0
  - 0.0
  - 0.0
  - 0.0
  - 0.0
  - 0.0
  - 0.0
  - 0.0
  - 0.0
  - 0.0
  - 0.0
  - 0.0
  - 0.0
  - 0.0
  - 0.0
  - 0.0
  - 0.0
  - 0.0
  - 0.0
  - 0.0
  - 0.0
  - 0.0
  - 0.0
  - 0.0
  - 0.0
  - 0.0
  - 0.0
  - 0.0
  - 0.0
  - 0.0
  - 0.0
  - 0.0
  - 0.0
  - 0.0
  - 0.0
  - 0.0
  - 0.0
  - 0.0
  - 0.0
  - 0.0
  - 0.0
  - 0.0
  - 0.0
  - 0.0
  - 0.0
  - 0.0
  - 0.0
  - 0.0
  - 0.0
  - 0.0
  - 0.0
  - 0.0
  - 0.0
  - 0.0
  - 0.0
  - 0.0
  - 0.0
  - 0.0
  - 0.0
  - 0.0
  - 0.0
  - 0.0
  - 0.0
  - 0.0
  - 0.0
  - 0.0
  - 0.0
  - 0.0
  - 0.0
  - 0.0
  - 0.0
  - 0.0
  - 0.0
  - 0.0
  - 0.0
  - 0.0
  - 0.0
  - 0.0
  - 0.0
  - 0.0
  - 0.0
  - 0.0
  - 0.0
  - 0.0
  - 0.0
  - 0.0
  - 0.0
  - 0.0
  - 0.0
  - 0.0
  - 0.0
  - 0.0
  - 0.0
  - 0.0
  - 0.0
  - 0.0
  - 0.0
  - 0.0
  - 0.0
  - 0.0
  - 0.0
  - 0.0
  - 0.0
  - 0.0
  - 0.0
  - 0.0
  - 0.0
  - 0.0
Hydrogen:
  - 0.0
  - 0.0
  - 0.0
  - 0.0
  - 0.0
  - 0.0
  - 0.0
  - 0.0
  - 0.0
  - 0.0
  - 0.0
  - 0.0
  - 0.0
  - 0.0
  - 0.0
  - 0.0
  - 0.0
  - 0.0
  - 0.0
  - 0.0
  - 0.0
  - 0.0
  - 0.0
  - 0.0
  - 0.0
  - 0.0
  - 0.0
  - 0.0
  - 0.0
  - 0.0
  - 0.0
  - 0.0
  - 0.0
  - 0.0
  - 0.0
  - 0.0
  - 0.0
  - 0.0
  - 0.0
  - 0.0
  - 0.0
  - 0.0
  - 0.0
  - 0.0
  - 0.0
  - 0.0
  - 0.0
  - 0.0
  - 0.0
  - 0.0
  - 0.0
  - 0.0
  - 0.0
  - 0.0
  - 0.0
  - 0.0
  - 0.0
  - 0.0
  - 0.0
  - 0.0
  - 0.0
  - 0.0
  - 0.0
  - 0.0
  - 0.0
  - 0.0
  - 0.0
  - 0.0
  - 0.0
  - 0.0
  - 0.0
  - 0.0
  - 0.0
  - 0.0
  - 0.0
  - 0.0
  - 0.0
  - 0.0
  - 0.0
  - 0.0
  - 0.0
  - 0.0
  - 0.0
  - 0.0
  - 0.0
  - 0.0
  - 0.0
  - 0.0
  - 0.0
  - 0.0
  - 0.0
  - 0.0
  - 0.0
  - 0.0
  - 0.0
  - 0.0
  - 0.0
  - 0.0
  - 0.0
  - 0.0
  - 0.0
  - 0.0
  - 0.0
  - 0.0
  - 0.0
  - 0.0
  - 0.0
  - 0.0
  - 0.0
  - 0.0
  - 0.0
  - 0.0
  - 0.0
  - 0.0
  - 0.0
  - 0.0
  - 0.0
  - 0.0
  - 0.0
  - 0.0
  - 0.0
  - 0.0
  - 0.0
  - 0.0
  - 0.0
  - 0.0
  - 0.0
  - 0.0
  - 0.0
  - 0.0
  - 0.0
  - 0.0
  - 0.0
  - 0.0
  - 0.0
  - 0.0
  - 0.0
  - 0.0
  - 0.0
  - 0.0
  - 0.0
  - 0.0
  - 0.0
  - 0.0
  - 0.0
  - 0.0
  - 0.0
  - 0.0
  - 0.0
  - 0.0
  - 0.0
  - 0.0
  - 0.0
  - 0.0
  - 0.0
  - 0.0
  - 0.0
  - 0.0
  - 0.0
  - 0.0
  - 0.0
  - 0.0
  - 0.0
  - 0.0
  - 0.0
  - 0.0
  - 0.0
  - 0.0
Emissions [KgCO2/KWh]:
  - 30292.132167159154
  - 24647.066474482985
  - 22345.28977592205
  - 26493.234485592657
  - 46226.80811662499
  - 78043.60075170222
  - 142360.58215354176
  - 144585.64073887898
  - 115803.28470404346
  - 98847.0831011639
  - 91532.63350019236
  - 62522.620966653325
  - 68905.11067085555
  - 64886.282773518884
  - 64503.53725948683
  - 67322.50361182456
  - 70738.5320385163
  - 91139.53794539665
  - 146054.42702767145
  - 156377.701370095
  - 155001.51195280015
  - 146299.74639177602
  - 135367.79550100828
  - 116579.3993832824
  - 30292.132167159154
  - 24905.825440544275
  - 22548.027937452785
  - 26773.275098504673
  - 46350.321728795185
  - 78200.6829478019
  - 141999.6006263196
  - 144076.68987258937
  - 115504.1156826305
  - 98702.41755986538
  - 98102.59177739568
  - 72221.01925052081
  - 74988.38489832253
  - 70657.9559650744
  - 70538.52859563267
  - 73473.35334681574
  - 78676.0600730264
  - 106491.2120847309
  - 145389.15855720983
  - 154367.8605361034
  - 154317.2574111662
  - 146242.6587208156
  - 136205.16372904135
  - 118439.51186697262
  - 30292.132167159154
  - 25184.306436683575
  - 22875.5067686293
  - 27404.35602035853
  - 46852.993406231944
  - 80335.23279003947
  - 155889.18529875725
  - 160768.3932836805
  - 128885.86515394058
  - 104702.52696940886
  - 103520.71247928853
  - 76403.91609411569
  - 76566.23911830147
  - 71191.11891317886
  - 70896.71088453576
  - 74402.41702721232
  - 83275.69667403106
  - 112709.02343091495
  - 153816.2532862015
  - 164992.58959812167
  - 163396.78882900137
  - 153509.10369591645
  - 141653.35701016802
  - 121262.44680157032
  - 30292.132167159154
  - 25246.883103547698
  - 22892.655153369968
  - 27387.286407027324
  - 46822.29452878847
  - 80162.51037528052
  - 154646.26026752614
  - 160556.33042272646
  - 128635.21002789188
  - 96719.04365890358
  - 83920.58501133982
  - 62362.49327484131
  - 68905.11067085555
  - 64886.282773518884
  - 64503.53725948683
  - 67311.06575585475
  - 67679.43380689916
  - 85700.5155872793
  - 145601.4853770228
  - 159893.7987575255
  - 157729.75762521246
  - 148122.47417172554
  - 136894.13758754957
  - 117454.00511748366
  - 30292.132167159154
  - 26014.623729240906
  - 23905.53766997939
  - 25760.863301027064
  - 48439.33067637456
  - 75820.9409373718
  - 143011.34120580903
  - 146531.97591321758
  - 125336.39405814852
  - 105131.82935910669
  - 99392.14073789839
  - 70630.13160958115
  - 73936.5213814881
  - 68897.36949608642
  - 68711.83252727834
  - 73068.8662550034
  - 79825.161217106
  - 106453.99944126043
  - 149436.77054797768
  - 158728.95799595336
  - 158196.9501094469
  - 148007.65767678438
  - 137534.01397198456
  - 121894.39372119501
  - 30292.132167159154
  - 26030.311028390646
  - 23969.431466577254
  - 25833.341355035867
  - 48643.748358775425
  - 76001.96446936429
  - 144999.2166995577
  - 149832.37163517438
  - 131000.82869963108
  - 110956.78766748059
  - 107956.18780929802
  - 79861.90205483377
  - 78007.21753100272
  - 71381.24266786751
  - 68820.12258013166
  - 70899.47721758607
  - 74282.2321504384
  - 97992.23684932597
  - 154603.35235417844
  - 164701.30904054982
  - 164389.3809034405
  - 153333.42170046232
  - 142058.73267870446
  - 125359.99520250973
  - 30292.132167159154
  - 25110.460038346326
  - 22763.62738753902
  - 27208.921317001197
  - 46749.048084361995
  - 79955.78748517531
  - 153866.86833375087
  - 158925.80264739116
  - 126767.42505636762
  - 96823.78496187656
  - 85050.42187792044
  - 62362.49327484131
  - 68906.55472246131
  - 64965.71739714371
  - 65419.7542482314
  - 68692.71024273217
  - 72966.34764787104
  - 99495.61733158743
  - 149981.23731822232
  - 159592.54744683768
  - 156725.30704807033
  - 146332.36791803906
  - 134314.9021172367
  - 115172.97287122389
Solids|Coal:
  - 0.0
  - 0.0
  - 0.0
  - 0.0
  - 0.0
  - 0.0
  - 0.0
  - 0.0
  - 0.0
  - 0.0
  - 0.0
  - 0.0
  - 0.0
  - 0.0
  - 0.0
  - 0.0
  - 0.0
  - 0.0
  - 0.0
  - 0.0
  - 0.0
  - 0.0
  - 0.0
  - 0.0
  - 0.0
  - 0.0
  - 0.0
  - 0.0
  - 0.0
  - 0.0
  - 0.0
  - 0.0
  - 0.0
  - 0.0
  - 0.0
  - 0.0
  - 0.0
  - 0.0
  - 0.0
  - 0.0
  - 0.0
  - 0.0
  - 0.0
  - 0.0
  - 0.0
  - 0.0
  - 0.0
  - 0.0
  - 0.0
  - 0.0
  - 0.0
  - 0.0
  - 0.0
  - 0.0
  - 0.0
  - 0.0
  - 0.0
  - 0.0
  - 0.0
  - 0.0
  - 0.0
  - 0.0
  - 0.0
  - 0.0
  - 0.0
  - 0.0
  - 0.0
  - 0.0
  - 0.0
  - 0.0
  - 0.0
  - 0.0
  - 0.0
  - 0.0
  - 0.0
  - 0.0
  - 0.0
  - 0.0
  - 0.0
  - 0.0
  - 0.0
  - 0.0
  - 0.0
  - 0.0
  - 0.0
  - 0.0
  - 0.0
  - 0.0
  - 0.0
  - 0.0
  - 0.0
  - 0.0
  - 0.0
  - 0.0
  - 0.0
  - 0.0
  - 0.0
  - 0.0
  - 0.0
  - 0.0
  - 0.0
  - 0.0
  - 0.0
  - 0.0
  - 0.0
  - 0.0
  - 0.0
  - 0.0
  - 0.0
  - 0.0
  - 0.0
  - 0.0
  - 0.0
  - 0.0
  - 0.0
  - 0.0
  - 0.0
  - 0.0
  - 0.0
  - 0.0
  - 0.0
  - 0.0
  - 0.0
  - 0.0
  - 0.0
  - 0.0
  - 0.0
  - 0.0
  - 0.0
  - 0.0
  - 0.0
  - 0.0
  - 0.0
  - 0.0
  - 0.0
  - 0.0
  - 0.0
  - 0.0
  - 0.0
  - 0.0
  - 0.0
  - 0.0
  - 0.0
  - 0.0
  - 0.0
  - 0.0
  - 0.0
  - 0.0
  - 0.0
  - 0.0
  - 0.0
  - 0.0
  - 0.0
  - 0.0
  - 0.0
  - 0.0
  - 0.0
  - 0.0
  - 0.0
  - 0.0
  - 0.0
  - 0.0
  - 0.0
  - 0.0
  - 0.0
  - 0.0
  - 0.0
  - 0.0
Electricity:
  - 0.07447098677417252
  - 0.0607775265004568
  - 0.055027684132499644
  - 0.06510700654562177
  - 0.1148043391134974
  - 0.19347851982847597
  - 0.3423087214117881
  - 0.34792533139131476
  - 0.2781728613716207
  - 0.2412794041944578
  - 0.22572077607143126
  - 0.15520507147087034
  - 0.17124536898895043
  - 0.16117311861968558
  - 0.1602138566797556
  - 0.16582664247563467
  - 0.17354910456851258
  - 0.22397380082652948
  - 0.35418957565709525
  - 0.37689529882772793
  - 0.37256913064840713
  - 0.3518412122967669
  - 0.32668676097606764
  - 0.2794484975708686
  - 0.07447098677417252
  - 0.061354809568701006
  - 0.05547998655788084
  - 0.06573176829481099
  - 0.11507989407527847
  - 0.1938289652391655
  - 0.3415033830430878
  - 0.346789878107707
  - 0.27750542474813394
  - 0.24095665994786739
  - 0.24037814516758846
  - 0.1768418912633843
  - 0.1848169613648886
  - 0.174049538941039
  - 0.17367773145243603
  - 0.17954899367131738
  - 0.1912574785343871
  - 0.25822290022871586
  - 0.3527053827432032
  - 0.37241140750218305
  - 0.37104258041029503
  - 0.35171385150864576
  - 0.3285549030052589
  - 0.2835983496830837
  - 0.07447098677417252
  - 0.061976091862203916
  - 0.056210581471457
  - 0.06713968986917637
  - 0.11620133868717811
  - 0.19859107841732382
  - 0.37249060709330045
  - 0.38402854042750695
  - 0.30735968452842444
  - 0.2543427142456795
  - 0.25246580106804245
  - 0.18617380180845694
  - 0.18833710421912972
  - 0.17523900861330133
  - 0.17447682480899138
  - 0.18162170535422983
  - 0.20151912229596947
  - 0.2720946406608467
  - 0.37150596451854
  - 0.3961148419591462
  - 0.3912987278006276
  - 0.3679250603966125
  - 0.3407096498787306
  - 0.289896228227367
  - 0.07447098677417252
  - 0.062115698426558695
  - 0.056248838975377385
  - 0.06710160810177881
  - 0.11613285046266571
  - 0.19820574017353532
  - 0.3697176806647079
  - 0.38355543489267047
  - 0.30680048087090855
  - 0.23653181551271257
  - 0.20873853667638115
  - 0.15484783165558133
  - 0.17124536898895043
  - 0.16117311861968558
  - 0.1602138566797556
  - 0.16580112498076718
  - 0.16672435317887346
  - 0.21183951399219778
  - 0.35317907716190455
  - 0.3847396008782339
  - 0.3786557604439564
  - 0.35590766031748555
  - 0.3300919818900364
  - 0.2813997152984278
  - 0.07447098677417252
  - 0.06382850347738318
  - 0.05850854783053139
  - 0.06347310959915026
  - 0.11974040695799944
  - 0.1885198360896645
  - 0.3437605442726491
  - 0.3522675435989785
  - 0.29944092679023815
  - 0.2553004742974439
  - 0.24325508810758223
  - 0.1732926712592515
  - 0.18247028713127578
  - 0.1701217262194274
  - 0.16960243030581043
  - 0.17864659576418052
  - 0.1938210868385727
  - 0.2581398799982401
  - 0.3617354770609363
  - 0.3821408779852964
  - 0.3796980520980959
  - 0.3556515083491362
  - 0.33151952586320316
  - 0.29130608181536605
  - 0.07447098677417252
  - 0.06386350134556712
  - 0.05865109286965889
  - 0.06363480584502516
  - 0.12019645634131555
  - 0.18892369386342095
  - 0.3481954316189174
  - 0.3596306220568665
  - 0.3120781012985384
  - 0.2682957720289093
  - 0.262361206226768
  - 0.19388845910414224
  - 0.19155188147697683
  - 0.1756631686960356
  - 0.16984402198830578
  - 0.17380675744360624
  - 0.1814549874242323
  - 0.23926195531728844
  - 0.3732619576417552
  - 0.3954650042489616
  - 0.39351316932112496
  - 0.3675331194219104
  - 0.34161403017243175
  - 0.29903772909660886
  - 0.07447098677417252
  - 0.06181134288341561
  - 0.05596098211120231
  - 0.06670368122795778
  - 0.11596943996207455
  - 0.197744547944749
  - 0.3679788819141052
  - 0.3799177790025939
  - 0.3026335116810312
  - 0.2367654900464785
  - 0.21125916698683234
  - 0.15484783165558133
  - 0.17124859062240477
  - 0.16135033475232427
  - 0.16225790779995777
  - 0.16888353012694612
  - 0.17851929072293557
  - 0.242615949618428
  - 0.3629501652028318
  - 0.3840675187332415
  - 0.3764148629790355
  - 0.3519139898899787
  - 0.3243377891418949
  - 0.2763108045104132
Gases|Biomass:
  - 0.0
  - 0.0
  - 0.0
  - 0.0
  - 0.0
  - 0.0
  - 0.0
  - 0.0
  - 0.0
  - 0.0
  - 0.0
  - 0.0
  - 0.0
  - 0.0
  - 0.0
  - 0.0
  - 0.0
  - 0.0
  - 0.0
  - 0.0
  - 0.0
  - 0.0
  - 0.0
  - 0.0
  - 0.0
  - 0.0
  - 0.0
  - 0.0
  - 0.0
  - 0.0
  - 0.0
  - 0.0
  - 0.0
  - 0.0
  - 0.0
  - 0.0
  - 0.0
  - 0.0
  - 0.0
  - 0.0
  - 0.0
  - 0.0
  - 0.0
  - 0.0
  - 0.0
  - 0.0
  - 0.0
  - 0.0
  - 0.0
  - 0.0
  - 0.0
  - 0.0
  - 0.0
  - 0.0
  - 0.0
  - 0.0
  - 0.0
  - 0.0
  - 0.0
  - 0.0
  - 0.0
  - 0.0
  - 0.0
  - 0.0
  - 0.0
  - 0.0
  - 0.0
  - 0.0
  - 0.0
  - 0.0
  - 0.0
  - 0.0
  - 0.0
  - 0.0
  - 0.0
  - 0.0
  - 0.0
  - 0.0
  - 0.0
  - 0.0
  - 0.0
  - 0.0
  - 0.0
  - 0.0
  - 0.0
  - 0.0
  - 0.0
  - 0.0
  - 0.0
  - 0.0
  - 0.0
  - 0.0
  - 0.0
  - 0.0
  - 0.0
  - 0.0
  - 0.0
  - 0.0
  - 0.0
  - 0.0
  - 0.0
  - 0.0
  - 0.0
  - 0.0
  - 0.0
  - 0.0
  - 0.0
  - 0.0
  - 0.0
  - 0.0
  - 0.0
  - 0.0
  - 0.0
  - 0.0
  - 0.0
  - 0.0
  - 0.0
  - 0.0
  - 0.0
  - 0.0
  - 0.0
  - 0.0
  - 0.0
  - 0.0
  - 0.0
  - 0.0
  - 0.0
  - 0.0
  - 0.0
  - 0.0
  - 0.0
  - 0.0
  - 0.0
  - 0.0
  - 0.0
  - 0.0
  - 0.0
  - 0.0
  - 0.0
  - 0.0
  - 0.0
  - 0.0
  - 0.0
  - 0.0
  - 0.0
  - 0.0
  - 0.0
  - 0.0
  - 0.0
  - 0.0
  - 0.0
  - 0.0
  - 0.0
  - 0.0
  - 0.0
  - 0.0
  - 0.0
  - 0.0
  - 0.0
  - 0.0
  - 0.0
  - 0.0
  - 0.0
  - 0.0
  - 0.0
  - 0.0
  - 0.0
  - 0.0
Solids|Biomass:
  - 0.03212269134801796
  - 0.022046300044484456
  - 0.021624655947482852
  - 0.028641048549419852
  - 0.02332648946330779
  - 0.04698174111890713
  - 0.3210779061243543
  - 0.3201907507635779
  - 0.2673507231537071
  - 0.14314449042084376
  - 0.08166910264951684
  - 0.0330998583208909
  - 0.03212269134801796
  - 0.03212269134801796
  - 0.03212269134801796
  - 0.064315181335907
  - 0.08291329531554392
  - 0.0985550786450741
  - 0.2629325744716888
  - 0.33313761876841763
  - 0.3525793791158736
  - 0.32861681585367064
  - 0.2788765484198463
  - 0.2821916029169896
  - 0.03212269134801796
  - 0.023625356812920686
  - 0.022861850047684956
  - 0.030349974937504985
  - 0.02408022181994864
  - 0.04794032318749242
  - 0.3188750440070829
  - 0.31708491708968023
  - 0.26552506711805607
  - 0.14226168003701828
  - 0.12176176975155013
  - 0.09228359091280461
  - 0.0692454063184445
  - 0.06734388486665739
  - 0.06895076367281609
  - 0.10185027066445065
  - 0.13135145210032884
  - 0.1922374940818464
  - 0.2588728245928732
  - 0.320872719040683
  - 0.3484037681921369
  - 0.32826844271477446
  - 0.28398652388572415
  - 0.29354279685678974
  - 0.03212269134801796
  - 0.02532476575912311
  - 0.0248602645287754
  - 0.03420109791984171
  - 0.027147737224882326
  - 0.060966250084848295
  - 0.4036351704739132
  - 0.41894475850584534
  - 0.34718616817217535
  - 0.17887688807681804
  - 0.15482543628553205
  - 0.11780939847452046
  - 0.07887414082603723
  - 0.07059747091508967
  - 0.07113654365267771
  - 0.10751981060414495
  - 0.1594203821077365
  - 0.23018121151317233
  - 0.31029852462800167
  - 0.3857093142456876
  - 0.40381091314172035
  - 0.3726113665371117
  - 0.3172337060308028
  - 0.3107695410472723
  - 0.03212269134801796
  - 0.025706635075042936
  - 0.02496491123302169
  - 0.03409693191208739
  - 0.02696039967693815
  - 0.05991222477999693
  - 0.3960503156837626
  - 0.4176506611417212
  - 0.34565656446662985
  - 0.13015829274062726
  - 0.035217159859095834
  - 0.03212269134801796
  - 0.03212269134801796
  - 0.03212269134801796
  - 0.03212269134801796
  - 0.06424538269603591
  - 0.06424538269603591
  - 0.06536386135513114
  - 0.260168532745714
  - 0.35459433372834714
  - 0.3692282893374393
  - 0.339739872502708
  - 0.28819093407916796
  - 0.2875288174117194
  - 0.03212269134801796
  - 0.030391713431389432
  - 0.031145949199852963
  - 0.024171809498116557
  - 0.036828238896264145
  - 0.0334181298664244
  - 0.32504911339011666
  - 0.33206811206806325
  - 0.3255257927135262
  - 0.18149667302370043
  - 0.12963114349850416
  - 0.08257532095220978
  - 0.06282648978383754
  - 0.05660004080749456
  - 0.057803490847775
  - 0.09938191917196526
  - 0.13836375380641522
  - 0.19201040677570264
  - 0.2835730667035635
  - 0.347485982212229
  - 0.3720792956837011
  - 0.33903921363772405
  - 0.2920957306981389
  - 0.3146259487146666
  - 0.03212269134801796
  - 0.030487443972742004
  - 0.031535856199075805
  - 0.024614101270601856
  - 0.038075682143918536
  - 0.03452281210329516
  - 0.33717997131164973
  - 0.3522085241380335
  - 0.36009257119523996
  - 0.217043034885875
  - 0.1818925847120897
  - 0.13891149290450078
  - 0.08766760120494259
  - 0.0717576865638511
  - 0.05846432259986916
  - 0.08614338875484395
  - 0.10453845378720614
  - 0.14037314876266085
  - 0.31510173639545147
  - 0.3839317969563391
  - 0.4098681302395349
  - 0.37153928061778374
  - 0.31970747999467874
  - 0.3357745162757089
  - 0.03212269134801796
  - 0.024874123770194035
  - 0.02417752917607178
  - 0.03300847261366921
  - 0.02651341886079067
  - 0.058650714178915035
  - 0.3912941361123811
  - 0.40770049029756733
  - 0.33425854975756536
  - 0.1307974685184246
  - 0.04211190278746405
  - 0.03212269134801796
  - 0.0321315035623221
  - 0.0326074350536843
  - 0.03771383533601298
  - 0.07267676233781278
  - 0.0965083694122084
  - 0.14954741299081384
  - 0.28689563346068914
  - 0.3527559706819083
  - 0.36309870663528726
  - 0.328815886218754
  - 0.2724513472011476
  - 0.2736089928649455
Gases|Gas:
  - 0.0
  - 0.0
  - 0.0
  - 0.0
  - 0.0
  - 0.0
  - 0.0
  - 0.0
  - 0.0
  - 0.0
  - 0.0
  - 0.0
  - 0.0
  - 0.0
  - 0.0
  - 0.0
  - 0.0
  - 0.0
  - 0.0
  - 0.0
  - 0.0
  - 0.0
  - 0.0
  - 0.0
  - 0.0
  - 0.0
  - 0.0
  - 0.0
  - 0.0
  - 0.0
  - 0.0
  - 0.0
  - 0.0
  - 0.0
  - 0.0
  - 0.0
  - 0.0
  - 0.0
  - 0.0
  - 0.0
  - 0.0
  - 0.0
  - 0.0
  - 0.0
  - 0.0
  - 0.0
  - 0.0
  - 0.0
  - 0.0
  - 0.0
  - 0.0
  - 0.0
  - 0.0
  - 0.0
  - 0.0
  - 0.0
  - 0.0
  - 0.0
  - 0.0
  - 0.0
  - 0.0
  - 0.0
  - 0.0
  - 0.0
  - 0.0
  - 0.0
  - 0.0
  - 0.0
  - 0.0
  - 0.0
  - 0.0
  - 0.0
  - 0.0
  - 0.0
  - 0.0
  - 0.0
  - 0.0
  - 0.0
  - 0.0
  - 0.0
  - 0.0
  - 0.0
  - 0.0
  - 0.0
  - 0.0
  - 0.0
  - 0.0
  - 0.0
  - 0.0
  - 0.0
  - 0.0
  - 0.0
  - 0.0
  - 0.0
  - 0.0
  - 0.0
  - 0.0
  - 0.0
  - 0.0
  - 0.0
  - 0.0
  - 0.0
  - 0.0
  - 0.0
  - 0.0
  - 0.0
  - 0.0
  - 0.0
  - 0.0
  - 0.0
  - 0.0
  - 0.0
  - 0.0
  - 0.0
  - 0.0
  - 0.0
  - 0.0
  - 0.0
  - 0.0
  - 0.0
  - 0.0
  - 0.0
  - 0.0
  - 0.0
  - 0.0
  - 0.0
  - 0.0
  - 0.0
  - 0.0
  - 0.0
  - 0.0
  - 0.0
  - 0.0
  - 0.0
  - 0.0
  - 0.0
  - 0.0
  - 0.0
  - 0.0
  - 0.0
  - 0.0
  - 0.0
  - 0.0
  - 0.0
  - 0.0
  - 0.0
  - 0.0
  - 0.0
  - 0.0
  - 0.0
  - 0.0
  - 0.0
  - 0.0
  - 0.0
  - 0.0
  - 0.0
  - 0.0
  - 0.0
  - 0.0
  - 0.0
  - 0.0
  - 0.0
  - 0.0
  - 0.0
  - 0.0
  - 0.0
  - 0.0
  - 0.0
Variable cost [€/KWh]:
  - 18959.320364896696
  - 15235.470197640681
  - 13888.97273948144
  - 16607.151272809944
  - 27734.607895512945
  - 47178.01880432716
  - 97032.44657379946
  - 98273.69901352632
  - 79218.74933523408
  - 63653.4989187134
  - 56570.917347451636
  - 37583.858362590974
  - 41217.4282742956
  - 38900.810689364705
  - 38680.180443180805
  - 41806.093105542655
  - 44642.35188374389
  - 57131.61367287101
  - 96450.7591460182
  - 105674.76300017723
  - 105787.92465873841
  - 99654.63733191555
  - 91033.9182844268
  - 80358.07580756818
  - 18959.320364896696
  - 15458.251539137711
  - 14063.522361030638
  - 16848.255279244313
  - 27840.94828105112
  - 47313.26042669514
  - 96721.65560831396
  - 97835.51223888439
  - 78961.17651779999
  - 63528.94755011951
  - 62227.39426438369
  - 45933.79967260826
  - 46454.88927407571
  - 43869.995393838435
  - 43876.07176341079
  - 47101.73397227668
  - 51476.252832627804
  - 70348.80421526989
  - 95877.98903273052
  - 103944.36871082104
  - 105198.80828131968
  - 99605.48708173071
  - 91754.85955269581
  - 81959.5598479463
  - 18959.320364896696
  - 15698.01277657692
  - 14345.468816575312
  - 17391.591251341553
  - 28273.72891986926
  - 49151.02429082083
  - 108680.04434847215
  - 112206.41553315973
  - 90482.33902735169
  - 68694.80689688491
  - 66892.18411392509
  - 49535.11012899277
  - 47813.35999748396
  - 44329.02782321941
  - 44184.452694270636
  - 47901.62143590911
  - 55436.35990821395
  - 75702.09640824558
  - 103133.38774306033
  - 113091.84456260782
  - 113015.92944322244
  - 105861.61178383628
  - 96445.54071586386
  - 84389.99633198892
  - 18959.320364896696
  - 15751.888837385948
  - 14360.23290461904
  - 17376.89498239811
  - 28247.29838799858
  - 49002.317052372935
  - 107609.9345468573
  - 112023.83771039231
  - 90266.53477490688
  - 61821.34025413966
  - 50017.24154753613
  - 37445.99468762075
  - 41217.4282742956
  - 38900.810689364705
  - 38680.180443180805
  - 41796.24555925048
  - 42008.58804481494
  - 52448.82831544797
  - 96060.79411374374
  - 108701.98522450955
  - 108136.83739434397
  - 101223.93460567604
  - 92348.03907722095
  - 81111.0771111064
  - 18959.320364896696
  - 16412.883465387335
  - 15232.285105413845
  - 15976.608349197208
  - 29639.50321742693
  - 45264.395703009046
  - 97592.72464594594
  - 99949.41741564468
  - 87426.38334642573
  - 69064.41945076303
  - 63337.64544415864
  - 44564.10768390381
  - 45549.27595787213
  - 42354.199356495476
  - 42303.3579486596
  - 46753.48641856352
  - 52465.5839398374
  - 70316.76558581028
  - 99362.8245261184
  - 107699.1029227152
  - 108539.07183653302
  - 101125.08209765164
  - 92898.94759833065
  - 84934.07789427016
  - 18959.320364896696
  - 16426.38961592673
  - 15287.295163368866
  - 16039.009116780093
  - 29815.498840705935
  - 45420.24987847464
  - 99304.20763711499
  - 102790.92894894724
  - 92303.23985679251
  - 74079.48055514404
  - 70710.95476074576
  - 52512.30068950924
  - 49053.98600838638
  - 44492.71693422769
  - 42396.591445502876
  - 44885.72737105552
  - 47693.33897344417
  - 63031.51920244799
  - 103811.04923214442
  - 112841.0634037725
  - 113870.51236751224
  - 105710.35646225305
  - 96794.55329935598
  - 87917.82511993546
  - 18959.320364896696
  - 15634.433918086652
  - 14249.14504861263
  - 17223.32962140943
  - 28184.236066342222
  - 48824.336735490426
  - 106938.90859864997
  - 110620.01711755795
  - 88658.44502281843
  - 61911.51841624026
  - 50989.986865856874
  - 37445.99468762075
  - 41218.67154620544
  - 38969.200791094576
  - 39469.00740814303
  - 42985.787382452945
  - 46560.41392277105
  - 64325.87095271483
  - 99831.58910391065
  - 108442.61963751436
  - 107272.04476338951
  - 99682.7231891641
  - 90127.41829310122
  - 79147.19763069692
